
Microsoft Visual Studio Solution File, Format Version 12.00
# Visual Studio Version 17
VisualStudioVersion = 17.8.34330.188
MinimumVisualStudioVersion = 10.0.40219.1
Project("{FAE04EC0-301F-11D3-BF4B-00C04F79EFBC}") = "SistemaCadastroBalanço", "SistemaCadastroBalanço.csproj", "{314CF0C4-6F03-495B-A5EF-8E351C52BF0B}"
EndProject
Global
	GlobalSection(SolutionConfigurationPlatforms) = preSolution
		Debug|Any CPU = Debug|Any CPU
		Release|Any CPU = Release|Any CPU
	EndGlobalSection
	GlobalSection(ProjectConfigurationPlatforms) = postSolution
		{314CF0C4-6F03-495B-A5EF-8E351C52BF0B}.Debug|Any CPU.ActiveCfg = Debug|Any CPU
		{314CF0C4-6F03-495B-A5EF-8E351C52BF0B}.Debug|Any CPU.Build.0 = Debug|Any CPU
		{314CF0C4-6F03-495B-A5EF-8E351C52BF0B}.Release|Any CPU.ActiveCfg = Release|Any CPU
		{314CF0C4-6F03-495B-A5EF-8E351C52BF0B}.Release|Any CPU.Build.0 = Release|Any CPU
	EndGlobalSection
	GlobalSection(SolutionProperties) = preSolution
		HideSolutionNode = FALSE
	EndGlobalSection
	GlobalSection(ExtensibilityGlobals) = postSolution
		SolutionGuid = {91C9B0F6-A5BD-4AB1-AA06-A87AC19A56E2}
	EndGlobalSection
EndGlobal
